Microsoft Visual Studio Solution File, Format Version 12.00
# Visual Studio Version 17
VisualStudioVersion = 17.5.2.0
MinimumVisualStudioVersion = 10.0.40219.1
Project("{FAE04EC0-301F-11D3-BF4B-00C04F79EFBC}") = "ARBOLES_AVL", "ARBOLES_AVL.csproj", "{EFA190C9-C08F-B525-2519-2D6356F7E9CB}"
EndProject
Global
	GlobalSection(SolutionConfigurationPlatforms) = preSolution
		Debug|Any CPU = Debug|Any CPU
		Release|Any CPU = Release|Any CPU
	EndGlobalSection
	GlobalSection(ProjectConfigurationPlatforms) = postSolution
		{EFA190C9-C08F-B525-2519-2D6356F7E9CB}.Debug|Any CPU.ActiveCfg = Debug|Any CPU
		{EFA190C9-C08F-B525-2519-2D6356F7E9CB}.Debug|Any CPU.Build.0 = Debug|Any CPU
		{EFA190C9-C08F-B525-2519-2D6356F7E9CB}.Release|Any CPU.ActiveCfg = Release|Any CPU
		{EFA190C9-C08F-B525-2519-2D6356F7E9CB}.Release|Any CPU.Build.0 = Release|Any CPU
	EndGlobalSection
	GlobalSection(SolutionProperties) = preSolution
		HideSolutionNode = FALSE
	EndGlobalSection
	GlobalSection(ExtensibilityGlobals) = postSolution
		SolutionGuid = {5558838D-6725-4B5D-BCB6-844C53847585}
	EndGlobalSection
EndGlobal
